{
  "name": "course-3-module-6-dom-testing-technical-lesson",
  "version": "1.0.0",
  "lockfileVersion": 3,
  "requires": true,
  "packages": {
    "": {
      "name": "course-3-module-6-dom-testing-technical-lesson",
      "version": "1.0.0",
      "license": "Included in Repo",
      "devDependencies": {}
    }
  }
}
